forgejo.develop.10.199.64.20.nip.io/zergx/go-shared v0.1.0 h1:dcrmT+h9gHuSujy+PDa+mLWM5+Je7ahKGJtuz9UZ8SE=
forgejo.develop.10.199.64.20.nip.io/zergx/go-shared v0.1.0/go.mod h1:QFor4G38FDMBx2D7mP4rszqDWgzTLQlL/lE4wDDe2Hg=
forgejo.develop.10.199.64.20.nip.io/zergx/go-shared v0.1.1 h1:La4XyQP1y1rSR42Bnv0DGX+bEYl4UwSv0nO8DYZAhw0=
forgejo.develop.10.199.64.20.nip.io/zergx/go-shared v0.1.1/go.mod h1:QFor4G38FDMBx2D7mP4rszqDWgzTLQlL/lE4wDDe2Hg=
github.com/go-chi/chi/v5 v5.3.2 h1:5YQkICvTCSZ25hoRsyJazN0scjzKGiu4VAUc7H1o1nY=
github.com/go-chi/chi/v5 v5.3.2/go.mod h1:R+tYY2hNuVUUjxoPtqUdgBqevM9s9njzkTLutVsOCto=
